
Microsoft Visual Studio Solution File, Format Version 12.00
# Visual Studio Version 16
VisualStudioVersion = 16.0.30413.136
MinimumVisualStudioVersion = 10.0.40219.1
Project("{9A19103F-16F7-4668-BE54-9A1E7A4F7556}") = "ZswBlog.Core", "ZswBlog.Core\ZswBlog.Core.csproj", "{5FED7A8F-FE6E-454E-A1E1-2B0EBDFB1859}"
EndProject
Project("{9A19103F-16F7-4668-BE54-9A1E7A4F7556}") = "ZswBlog.IServices", "ZswBlog.IServices\ZswBlog.IServices.csproj", "{48570AC6-4AF5-4BC5-AF7B-E683AD866083}"
EndProject
Project("{9A19103F-16F7-4668-BE54-9A1E7A4F7556}") = "ZswBlog.Services", "ZswBlog.Services\ZswBlog.Services.csproj", "{0564E7FC-82DD-4623-99A8-45B0A850E9EF}"
EndProject
Project("{9A19103F-16F7-4668-BE54-9A1E7A4F7556}") = "ZswBlog.IRepository", "ZswBlog.IRepository\ZswBlog.IRepository.csproj", "{E897BC50-8968-4F53-A34E-5D24DFC93A86}"
EndProject
Project("{9A19103F-16F7-4668-BE54-9A1E7A4F7556}") = "ZswBlog.Repository", "ZswBlog.Repository\ZswBlog.Repository.csproj", "{BD426210-7490-4E3D-ABDF-61FF764C38AF}"
EndProject
Project("{9A19103F-16F7-4668-BE54-9A1E7A4F7556}") = "ZswBlog.DTO", "ZswBlog.DTO\ZswBlog.DTO.csproj", "{8DE3D901-124E-4770-A820-95A4DDFBB463}"
EndProject
Project("{9A19103F-16F7-4668-BE54-9A1E7A4F7556}") = "ZswBlog.ThirdParty", "ZswBlog.ThirdParty\ZswBlog.ThirdParty.csproj", "{F9F0B36B-1C66-4B39-A80E-A6D321CDB582}"
EndProject
Project("{9A19103F-16F7-4668-BE54-9A1E7A4F7556}") = "ZswBlog.Entity", "ZswBlog.Entity\ZswBlog.Entity.csproj", "{4AC93217-26C4-4ACA-A501-7DA81E75A25D}"
EndProject
Project("{9A19103F-16F7-4668-BE54-9A1E7A4F7556}") = "ZswBlog.Common", "ZswBlog.Common\ZswBlog.Common.csproj", "{F5F27333-3229-4613-8D6B-181100F8EFE5}"
EndProject
Project("{9A19103F-16F7-4668-BE54-9A1E7A4F7556}") = "ZswBlog.Query", "ZswBlog.Query\ZswBlog.Query.csproj", "{A9A554DB-2855-400F-8781-723AA55D9A9A}"
EndProject
Project("{E53339B2-1760-4266-BCC7-CA923CBCF16C}") = "docker-compose", "docker-compose.dcproj", "{E6130D3B-670E-4782-A00F-0B635B7CD2D1}"
EndProject
Project("{FAE04EC0-301F-11D3-BF4B-00C04F79EFBC}") = "ZswBlog.UnitTest", "..\ZswBlog.UnitTest\ZswBlog.UnitTest.csproj", "{383BEE82-3544-4D25-8CD7-E13EDC9EA83C}"
EndProject
Global
	GlobalSection(SolutionConfigurationPlatforms) = preSolution
		Debug|Any CPU = Debug|Any CPU
		Release|Any CPU = Release|Any CPU
	EndGlobalSection
	GlobalSection(ProjectConfigurationPlatforms) = postSolution
		{5FED7A8F-FE6E-454E-A1E1-2B0EBDFB1859}.Debug|Any CPU.ActiveCfg = Debug|Any CPU
		{5FED7A8F-FE6E-454E-A1E1-2B0EBDFB1859}.Debug|Any CPU.Build.0 = Debug|Any CPU
		{5FED7A8F-FE6E-454E-A1E1-2B0EBDFB1859}.Release|Any CPU.ActiveCfg = Release|Any CPU
		{5FED7A8F-FE6E-454E-A1E1-2B0EBDFB1859}.Release|Any CPU.Build.0 = Release|Any CPU
		{48570AC6-4AF5-4BC5-AF7B-E683AD866083}.Debug|Any CPU.ActiveCfg = Debug|Any CPU
		{48570AC6-4AF5-4BC5-AF7B-E683AD866083}.Debug|Any CPU.Build.0 = Debug|Any CPU
		{48570AC6-4AF5-4BC5-AF7B-E683AD866083}.Release|Any CPU.ActiveCfg = Release|Any CPU
		{48570AC6-4AF5-4BC5-AF7B-E683AD866083}.Release|Any CPU.Build.0 = Release|Any CPU
		{0564E7FC-82DD-4623-99A8-45B0A850E9EF}.Debug|Any CPU.ActiveCfg = Debug|Any CPU
		{0564E7FC-82DD-4623-99A8-45B0A850E9EF}.Debug|Any CPU.Build.0 = Debug|Any CPU
		{0564E7FC-82DD-4623-99A8-45B0A850E9EF}.Release|Any CPU.ActiveCfg = Release|Any CPU
		{0564E7FC-82DD-4623-99A8-45B0A850E9EF}.Release|Any CPU.Build.0 = Release|Any CPU
		{E897BC50-8968-4F53-A34E-5D24DFC93A86}.Debug|Any CPU.ActiveCfg = Debug|Any CPU
		{E897BC50-8968-4F53-A34E-5D24DFC93A86}.Debug|Any CPU.Build.0 = Debug|Any CPU
		{E897BC50-8968-4F53-A34E-5D24DFC93A86}.Release|Any CPU.ActiveCfg = Release|Any CPU
		{E897BC50-8968-4F53-A34E-5D24DFC93A86}.Release|Any CPU.Build.0 = Release|Any CPU
		{BD426210-7490-4E3D-ABDF-61FF764C38AF}.Debug|Any CPU.ActiveCfg = Debug|Any CPU
		{BD426210-7490-4E3D-ABDF-61FF764C38AF}.Debug|Any CPU.Build.0 = Debug|Any CPU
		{BD426210-7490-4E3D-ABDF-61FF764C38AF}.Release|Any CPU.ActiveCfg = Release|Any CPU
		{BD426210-7490-4E3D-ABDF-61FF764C38AF}.Release|Any CPU.Build.0 = Release|Any CPU
		{8DE3D901-124E-4770-A820-95A4DDFBB463}.Debug|Any CPU.ActiveCfg = Debug|Any CPU
		{8DE3D901-124E-4770-A820-95A4DDFBB463}.Debug|Any CPU.Build.0 = Debug|Any CPU
		{8DE3D901-124E-4770-A820-95A4DDFBB463}.Release|Any CPU.ActiveCfg = Release|Any CPU
		{8DE3D901-124E-4770-A820-95A4DDFBB463}.Release|Any CPU.Build.0 = Release|Any CPU
		{F9F0B36B-1C66-4B39-A80E-A6D321CDB582}.Debug|Any CPU.ActiveCfg = Debug|Any CPU
		{F9F0B36B-1C66-4B39-A80E-A6D321CDB582}.Debug|Any CPU.Build.0 = Debug|Any CPU
		{F9F0B36B-1C66-4B39-A80E-A6D321CDB582}.Release|Any CPU.ActiveCfg = Release|Any CPU
		{F9F0B36B-1C66-4B39-A80E-A6D321CDB582}.Release|Any CPU.Build.0 = Release|Any CPU
		{4AC93217-26C4-4ACA-A501-7DA81E75A25D}.Debug|Any CPU.ActiveCfg = Debug|Any CPU
		{4AC93217-26C4-4ACA-A501-7DA81E75A25D}.Debug|Any CPU.Build.0 = Debug|Any CPU
		{4AC93217-26C4-4ACA-A501-7DA81E75A25D}.Release|Any CPU.ActiveCfg = Release|Any CPU
		{4AC93217-26C4-4ACA-A501-7DA81E75A25D}.Release|Any CPU.Build.0 = Release|Any CPU
		{F5F27333-3229-4613-8D6B-181100F8EFE5}.Debug|Any CPU.ActiveCfg = Debug|Any CPU
		{F5F27333-3229-4613-8D6B-181100F8EFE5}.Debug|Any CPU.Build.0 = Debug|Any CPU
		{F5F27333-3229-4613-8D6B-181100F8EFE5}.Release|Any CPU.ActiveCfg = Release|Any CPU
		{F5F27333-3229-4613-8D6B-181100F8EFE5}.Release|Any CPU.Build.0 = Release|Any CPU
		{A9A554DB-2855-400F-8781-723AA55D9A9A}.Debug|Any CPU.ActiveCfg = Debug|Any CPU
		{A9A554DB-2855-400F-8781-723AA55D9A9A}.Debug|Any CPU.Build.0 = Debug|Any CPU
		{A9A554DB-2855-400F-8781-723AA55D9A9A}.Release|Any CPU.ActiveCfg = Release|Any CPU
		{A9A554DB-2855-400F-8781-723AA55D9A9A}.Release|Any CPU.Build.0 = Release|Any CPU
		{E6130D3B-670E-4782-A00F-0B635B7CD2D1}.Debug|Any CPU.ActiveCfg = Debug|Any CPU
		{E6130D3B-670E-4782-A00F-0B635B7CD2D1}.Debug|Any CPU.Build.0 = Debug|Any CPU
		{E6130D3B-670E-4782-A00F-0B635B7CD2D1}.Release|Any CPU.ActiveCfg = Release|Any CPU
		{E6130D3B-670E-4782-A00F-0B635B7CD2D1}.Release|Any CPU.Build.0 = Release|Any CPU
		{383BEE82-3544-4D25-8CD7-E13EDC9EA83C}.Debug|Any CPU.ActiveCfg = Debug|Any CPU
		{383BEE82-3544-4D25-8CD7-E13EDC9EA83C}.Debug|Any CPU.Build.0 = Debug|Any CPU
		{383BEE82-3544-4D25-8CD7-E13EDC9EA83C}.Release|Any CPU.ActiveCfg = Release|Any CPU
		{383BEE82-3544-4D25-8CD7-E13EDC9EA83C}.Release|Any CPU.Build.0 = Release|Any CPU
	EndGlobalSection
	GlobalSection(SolutionProperties) = preSolution
		HideSolutionNode = FALSE
	EndGlobalSection
	GlobalSection(ExtensibilityGlobals) = postSolution
		SolutionGuid = {BD492BF7-6754-4A29-81AD-BD6B4E9FB90C}
	EndGlobalSection
EndGlobal
